
Microsoft Visual Studio Solution File, Format Version 12.00
# Visual Studio Version 17
VisualStudioVersion = 17.11.35208.52
MinimumVisualStudioVersion = 10.0.40219.1
Project("{9A19103F-16F7-4668-BE54-9A1E7A4F7556}") = "CraftableT4Modules", "CraftableT4Modules.csproj", "{1A6449D1-B09F-4008-ACED-DAFA6B892B5F}"
EndProject
Global
	GlobalSection(SolutionConfigurationPlatforms) = preSolution
		Debug|Any CPU = Debug|Any CPU
		Release|Any CPU = Release|Any CPU
	EndGlobalSection
	GlobalSection(ProjectConfigurationPlatforms) = postSolution
		{1A6449D1-B09F-4008-ACED-DAFA6B892B5F}.Debug|Any CPU.ActiveCfg = Debug|Any CPU
		{1A6449D1-B09F-4008-ACED-DAFA6B892B5F}.Debug|Any CPU.Build.0 = Debug|Any CPU
		{1A6449D1-B09F-4008-ACED-DAFA6B892B5F}.Release|Any CPU.ActiveCfg = Release|Any CPU
		{1A6449D1-B09F-4008-ACED-DAFA6B892B5F}.Release|Any CPU.Build.0 = Release|Any CPU
	EndGlobalSection
	GlobalSection(SolutionProperties) = preSolution
		HideSolutionNode = FALSE
	EndGlobalSection
	GlobalSection(ExtensibilityGlobals) = postSolution
		SolutionGuid = {65625DF7-3D24-4CBA-953C-04510C6AA45C}
	EndGlobalSection
EndGlobal
